
Microsoft Visual Studio Solution File, Format Version 12.00
# Visual Studio Version 16
VisualStudioVersion = 16.0.30907.101
MinimumVisualStudioVersion = 10.0.40219.1
Project("{FAE04EC0-301F-11D3-BF4B-00C04F79EFBC}") = "HotelReservation", "HotelReservation\HotelReservation.csproj", "{617D5B86-B654-403C-AFC3-A80C0495888E}"
EndProject
Global
	GlobalSection(SolutionConfigurationPlatforms) = preSolution
		Debug|Any CPU = Debug|Any CPU
		Release|Any CPU = Release|Any CPU
	EndGlobalSection
	GlobalSection(ProjectConfigurationPlatforms) = postSolution
		{617D5B86-B654-403C-AFC3-A80C0495888E}.Debug|Any CPU.ActiveCfg = Debug|Any CPU
		{617D5B86-B654-403C-AFC3-A80C0495888E}.Debug|Any CPU.Build.0 = Debug|Any CPU
		{617D5B86-B654-403C-AFC3-A80C0495888E}.Release|Any CPU.ActiveCfg = Release|Any CPU
		{617D5B86-B654-403C-AFC3-A80C0495888E}.Release|Any CPU.Build.0 = Release|Any CPU
	EndGlobalSection
	GlobalSection(SolutionProperties) = preSolution
		HideSolutionNode = FALSE
	EndGlobalSection
	GlobalSection(ExtensibilityGlobals) = postSolution
		SolutionGuid = {2DA5A721-FC6D-4266-85D1-FF5B84C78BB4}
	EndGlobalSection
EndGlobal
